<Solution>
  <Folder Name="/src/">
    <Project Path="src/Core/Core.csproj" />
    <Project Path="src/Dashboard/Dashboard.csproj" />
    <Project Path="src/Host/Host.csproj" />
    <Project Path="src/Persistence/Persistence.csproj" />
  </Folder>
  <Folder Name="/tests/">
    <Project Path="tests/Core.Tests/Core.Tests.csproj" />
  </Folder>
</Solution>
